lockfileVersion: '9.0'

settings:
  autoInstallPeers: true
  excludeLinksFromLockfile: false

importers:

  .:
    dependencies:
      ramda:
        specifier: ^0.32.0
        version: 0.32.0
    devDependencies:
      '@types/ramda':
        specifier: ^0.31.1
        version: 0.31.1

packages:

  '@types/ramda@0.31.1':
    resolution: {integrity: sha512-Vt6sFXnuRpzaEj+yeutA0q3bcAsK7wdPuASIzR9LXqL4gJPyFw8im9qchlbp4ltuf3kDEIRmPJTD/Fkg60dn7g==}

  ramda@0.32.0:
    resolution: {integrity: sha512-GQWAHhxhxWBWA8oIBr1XahFVjQ9Fic6MK9ikijfd4TZHfE2+urfk+irVlR5VOn48uwMgM+loRRBJd6Yjsbc0zQ==}

  ts-toolbelt@9.6.0:
    resolution: {integrity: sha512-nsZd8ZeNUzukXPlJmTBwUAuABDe/9qtVDelJeT/qW0ow3ZS3BsQJtNkan1802aM9Uf68/Y8ljw86Hu0h5IUW3w==}

  types-ramda@0.31.0:
    resolution: {integrity: sha512-vaoC35CRC3xvL8Z6HkshDbi6KWM1ezK0LHN0YyxXWUn9HKzBNg/T3xSGlJZjCYspnOD3jE7bcizsp0bUXZDxnQ==}

snapshots:

  '@types/ramda@0.31.1':
    dependencies:
      types-ramda: 0.31.0

  ramda@0.32.0: {}

  ts-toolbelt@9.6.0: {}

  types-ramda@0.31.0:
    dependencies:
      ts-toolbelt: 9.6.0
